
Microsoft Visual Studio Solution File, Format Version 12.00
# Visual Studio Version 17
VisualStudioVersion = 17.11.35222.181
MinimumVisualStudioVersion = 10.0.40219.1
Project("{8BC9CEB8-8B4A-11D0-8D11-00A0C91BC942}") = "跳跃游戏", "跳跃游戏\跳跃游戏.vcxproj", "{399A2011-4E24-4762-86F1-407C645A6C89}"
EndProject
Global
	GlobalSection(SolutionConfigurationPlatforms) = preSolution
		Debug|x64 = Debug|x64
		Debug|x86 = Debug|x86
		Release|x64 = Release|x64
		Release|x86 = Release|x86
	EndGlobalSection
	GlobalSection(ProjectConfigurationPlatforms) = postSolution
		{399A2011-4E24-4762-86F1-407C645A6C89}.Debug|x64.ActiveCfg = Debug|x64
		{399A2011-4E24-4762-86F1-407C645A6C89}.Debug|x64.Build.0 = Debug|x64
		{399A2011-4E24-4762-86F1-407C645A6C89}.Debug|x86.ActiveCfg = Debug|Win32
		{399A2011-4E24-4762-86F1-407C645A6C89}.Debug|x86.Build.0 = Debug|Win32
		{399A2011-4E24-4762-86F1-407C645A6C89}.Release|x64.ActiveCfg = Release|x64
		{399A2011-4E24-4762-86F1-407C645A6C89}.Release|x64.Build.0 = Release|x64
		{399A2011-4E24-4762-86F1-407C645A6C89}.Release|x86.ActiveCfg = Release|Win32
		{399A2011-4E24-4762-86F1-407C645A6C89}.Release|x86.Build.0 = Release|Win32
	EndGlobalSection
	GlobalSection(SolutionProperties) = preSolution
		HideSolutionNode = FALSE
	EndGlobalSection
	GlobalSection(ExtensibilityGlobals) = postSolution
		SolutionGuid = {486E38CC-352D-41D7-8D87-76F95D80C480}
	EndGlobalSection
EndGlobal
